
Microsoft Visual Studio Solution File, Format Version 12.00
# Visual Studio Version 16
VisualStudioVersion = 16.0.33801.447
MinimumVisualStudioVersion = 10.0.40219.1
Project("{FAE04EC0-301F-11D3-BF4B-00C04F79EFBC}") = "XFA_Filler_App", "XFA_Filler_App\XFA_Filler_App.csproj", "{C665238A-3253-4C4E-B341-F916009AE2A5}"
EndProject
Global
	GlobalSection(SolutionConfigurationPlatforms) = preSolution
		Debug|Any CPU = Debug|Any CPU
		Release|Any CPU = Release|Any CPU
	EndGlobalSection
	GlobalSection(ProjectConfigurationPlatforms) = postSolution
		{C665238A-3253-4C4E-B341-F916009AE2A5}.Debug|Any CPU.ActiveCfg = Debug|Any CPU
		{C665238A-3253-4C4E-B341-F916009AE2A5}.Debug|Any CPU.Build.0 = Debug|Any CPU
		{C665238A-3253-4C4E-B341-F916009AE2A5}.Release|Any CPU.ActiveCfg = Release|Any CPU
		{C665238A-3253-4C4E-B341-F916009AE2A5}.Release|Any CPU.Build.0 = Release|Any CPU
	EndGlobalSection
	GlobalSection(SolutionProperties) = preSolution
		HideSolutionNode = FALSE
	EndGlobalSection
	GlobalSection(ExtensibilityGlobals) = postSolution
		SolutionGuid = {16654D2B-E649-4EAB-A144-4A905D899009}
	EndGlobalSection
EndGlobal
